
Microsoft Visual Studio Solution File, Format Version 12.00
# Visual Studio Version 17
VisualStudioVersion = 17.1.32228.430
MinimumVisualStudioVersion = 10.0.40219.1
Project("{FAE04EC0-301F-11D3-BF4B-00C04F79EFBC}") = "AuvoSelecao.Core", "AuvoSelecao.Core\AuvoSelecao.Core.csproj", "{12093CCE-6C84-4276-A580-239046086A8E}"
EndProject
Project("{FAE04EC0-301F-11D3-BF4B-00C04F79EFBC}") = "AuvoSelecao.Data", "AuvoSelecao.Data\AuvoSelecao.Data.csproj", "{6139A9E9-A836-483C-A11C-8B3752431BED}"
EndProject
Project("{FAE04EC0-301F-11D3-BF4B-00C04F79EFBC}") = "AuvoSelecao.Services", "AuvoSelecao.Services\AuvoSelecao.Services.csproj", "{4CF74893-5672-4AC9-A751-93BB781BEE0B}"
EndProject
Project("{FAE04EC0-301F-11D3-BF4B-00C04F79EFBC}") = "AuvoSelecao.Views", "AuvoSelecao.Views\AuvoSelecao.Views.csproj", "{17A143A4-1D57-41F5-A658-E714A5008D24}"
EndProject
Project("{FAE04EC0-301F-11D3-BF4B-00C04F79EFBC}") = "AuvoSelecao.Test", "AuvoSelecao.Test\AuvoSelecao.Test.csproj", "{7FF9DEEC-CF67-4228-822F-F3931F3B5E69}"
EndProject
Project("{9A19103F-16F7-4668-BE54-9A1E7A4F7556}") = "AuvoSelecao.Web", "AuvoSelecao.Web\AuvoSelecao.Web.csproj", "{2A5B8512-6AF8-4372-93BD-2A35DB442BE0}"
EndProject
Global
	GlobalSection(SolutionConfigurationPlatforms) = preSolution
		Debug|Any CPU = Debug|Any CPU
		Release|Any CPU = Release|Any CPU
	EndGlobalSection
	GlobalSection(ProjectConfigurationPlatforms) = postSolution
		{12093CCE-6C84-4276-A580-239046086A8E}.Debug|Any CPU.ActiveCfg = Debug|Any CPU
		{12093CCE-6C84-4276-A580-239046086A8E}.Debug|Any CPU.Build.0 = Debug|Any CPU
		{12093CCE-6C84-4276-A580-239046086A8E}.Release|Any CPU.ActiveCfg = Release|Any CPU
		{12093CCE-6C84-4276-A580-239046086A8E}.Release|Any CPU.Build.0 = Release|Any CPU
		{6139A9E9-A836-483C-A11C-8B3752431BED}.Debug|Any CPU.ActiveCfg = Debug|Any CPU
		{6139A9E9-A836-483C-A11C-8B3752431BED}.Debug|Any CPU.Build.0 = Debug|Any CPU
		{6139A9E9-A836-483C-A11C-8B3752431BED}.Release|Any CPU.ActiveCfg = Release|Any CPU
		{6139A9E9-A836-483C-A11C-8B3752431BED}.Release|Any CPU.Build.0 = Release|Any CPU
		{4CF74893-5672-4AC9-A751-93BB781BEE0B}.Debug|Any CPU.ActiveCfg = Debug|Any CPU
		{4CF74893-5672-4AC9-A751-93BB781BEE0B}.Debug|Any CPU.Build.0 = Debug|Any CPU
		{4CF74893-5672-4AC9-A751-93BB781BEE0B}.Release|Any CPU.ActiveCfg = Release|Any CPU
		{4CF74893-5672-4AC9-A751-93BB781BEE0B}.Release|Any CPU.Build.0 = Release|Any CPU
		{17A143A4-1D57-41F5-A658-E714A5008D24}.Debug|Any CPU.ActiveCfg = Debug|Any CPU
		{17A143A4-1D57-41F5-A658-E714A5008D24}.Debug|Any CPU.Build.0 = Debug|Any CPU
		{17A143A4-1D57-41F5-A658-E714A5008D24}.Release|Any CPU.ActiveCfg = Release|Any CPU
		{17A143A4-1D57-41F5-A658-E714A5008D24}.Release|Any CPU.Build.0 = Release|Any CPU
		{7FF9DEEC-CF67-4228-822F-F3931F3B5E69}.Debug|Any CPU.ActiveCfg = Debug|Any CPU
		{7FF9DEEC-CF67-4228-822F-F3931F3B5E69}.Debug|Any CPU.Build.0 = Debug|Any CPU
		{7FF9DEEC-CF67-4228-822F-F3931F3B5E69}.Release|Any CPU.ActiveCfg = Release|Any CPU
		{7FF9DEEC-CF67-4228-822F-F3931F3B5E69}.Release|Any CPU.Build.0 = Release|Any CPU
		{2A5B8512-6AF8-4372-93BD-2A35DB442BE0}.Debug|Any CPU.ActiveCfg = Debug|Any CPU
		{2A5B8512-6AF8-4372-93BD-2A35DB442BE0}.Debug|Any CPU.Build.0 = Debug|Any CPU
		{2A5B8512-6AF8-4372-93BD-2A35DB442BE0}.Release|Any CPU.ActiveCfg = Release|Any CPU
		{2A5B8512-6AF8-4372-93BD-2A35DB442BE0}.Release|Any CPU.Build.0 = Release|Any CPU
	EndGlobalSection
	GlobalSection(SolutionProperties) = preSolution
		HideSolutionNode = FALSE
	EndGlobalSection
	GlobalSection(ExtensibilityGlobals) = postSolution
		SolutionGuid = {31A26E09-4732-4BF6-97DD-00D242B377F5}
	EndGlobalSection
EndGlobal
